<?xml version="1.0" encoding="utf-8"?>
<Project ToolsVersion="4.0" xmlns="http://schemas.microsoft.com/developer/msbuild/2003">
  <ItemGroup>
    <ClCompile Include="editor.cpp">
      <Filter>Source Files</Filter>
    </ClCompile>
    <ClCompile Include="gl.c">
      <Filter>Source Files</Filter>
    </ClCompile>
    <ClCompile Include="glfw_utils.cpp">
      <Filter>Source Files</Filter>
    </ClCompile>
    <ClCompile Include="image_converter.cpp">
      <Filter>Source Files</Filter>
    </ClCompile>
    <ClCompile Include="image_viewer.cpp">
      <Filter>Source Files</Filter>
    </ClCompile>
    <ClCompile Include="main.cpp">
      <Filter>Source Files</Filter>
    </ClCompile>
    <ClCompile Include="shape_editor_tool.cpp">
      <Filter>Source Files</Filter>
    </ClCompile>
    <ClCompile Include="utils.cpp">
      <Filter>Source Files</Filter>
    </ClCompile>
    <ClCompile Include="imgui\imgui.cpp">
      <Filter>Source Files\imgui</Filter>
    </ClCompile>
    <ClCompile Include="imgui\imgui_demo.cpp">
      <Filter>Source Files\imgui</Filter>
    </ClCompile>
    <ClCompile Include="imgui\imgui_draw.cpp">
      <Filter>Source Files\imgui</Filter>
    </ClCompile>
    <ClCompile Include="imgui\imgui_impl_glfw.cpp">
      <Filter>Source Files\imgui</Filter>
    </ClCompile>
    <ClCompile Include="imgui\imgui_impl_opengl3.cpp">
      <Filter>Source Files\imgui</Filter>
    </ClCompile>
    <ClCompile Include="imgui\imgui_stdlib.cpp">
      <Filter>Source Files\imgui</Filter>
    </ClCompile>
    <ClCompile Include="imgui\imgui_tables.cpp">
      <Filter>Source Files\imgui</Filter>
    </ClCompile>
    <ClCompile Include="imgui_utils.cpp">
      <Filter>Source Files\imgui</Filter>
    </ClCompile>
    <ClCompile Include="imgui\imgui_widgets.cpp">
      <Filter>Source Files\imgui</Filter>
    </ClCompile>
    <ClCompile Include="shapes.cpp">
      <Filter>Source Files</Filter>
    </ClCompile>
  </ItemGroup>
  <ItemGroup>
    <ClInclude Include="editor.h">
      <Filter>Header files</Filter>
    </ClInclude>
    <ClInclude Include="glfw_utils.h">
      <Filter>Header files</Filter>
    </ClInclude>
    <ClInclude Include="IconsMaterialDesign.h">
      <Filter>Header files</Filter>
    </ClInclude>
    <ClInclude Include="image_converter.h">
      <Filter>Header files</Filter>
    </ClInclude>
    <ClInclude Include="image_viewer.h">
      <Filter>Header files</Filter>
    </ClInclude>
    <ClInclude Include="simple_image.h">
      <Filter>Header files</Filter>
    </ClInclude>
    <ClInclude Include="utils.h">
      <Filter>Header files</Filter>
    </ClInclude>
    <ClInclude Include="imgui\imstb_truetype.h">
      <Filter>Header files\imgui</Filter>
    </ClInclude>
    <ClInclude Include="imgui\imconfig.h">
      <Filter>Header files\imgui</Filter>
    </ClInclude>
    <ClInclude Include="imgui\imgui.h">
      <Filter>Header files\imgui</Filter>
    </ClInclude>
    <ClInclude Include="imgui\imgui_impl_glfw.h">
      <Filter>Header files\imgui</Filter>
    </ClInclude>
    <ClInclude Include="imgui\imgui_impl_opengl3.h">
      <Filter>Header files\imgui</Filter>
    </ClInclude>
    <ClInclude Include="imgui\imgui_internal.h">
      <Filter>Header files\imgui</Filter>
    </ClInclude>
    <ClInclude Include="imgui\imgui_stdlib.h">
      <Filter>Header files\imgui</Filter>
    </ClInclude>
    <ClInclude Include="imgui_utils.h">
      <Filter>Header files\imgui</Filter>
    </ClInclude>
    <ClInclude Include="imgui\imstb_rectpack.h">
      <Filter>Header files\imgui</Filter>
    </ClInclude>
    <ClInclude Include="imgui\imstb_textedit.h">
      <Filter>Header files\imgui</Filter>
    </ClInclude>
    <ClInclude Include="shape_editor_tool.h">
      <Filter>Source Files</Filter>
    </ClInclude>
    <ClInclude Include="shapes.h" />
  </ItemGroup>
  <ItemGroup>
    <Filter Include="Header files">
      <UniqueIdentifier>{7427d8f2-074c-4806-a375-c3ec250d4b15}</UniqueIdentifier>
    </Filter>
    <Filter Include="Header files\imgui">
      <UniqueIdentifier>{f7335087-a73b-44b0-af29-b6d798f2edee}</UniqueIdentifier>
    </Filter>
    <Filter Include="Source Files">
      <UniqueIdentifier>{c65b6ff4-549c-40d4-b31f-af5ec4dc4c16}</UniqueIdentifier>
    </Filter>
    <Filter Include="Source Files\imgui">
      <UniqueIdentifier>{9bef8f4c-f786-4591-94b9-1bc4ca453b54}</UniqueIdentifier>
    </Filter>
  </ItemGroup>
</Project>